
Microsoft Visual Studio Solution File, Format Version 12.00
# Visual Studio 2017
Project("{FAE04EC0-301F-11D3-BF4B-00C04F79EFBC}") = "IAJ Project 3", "IAJ Project 3.csproj", "{7880BD6F-034E-41D1-5638-360471B24ADA}"
EndProject
Project("{FAE04EC0-301F-11D3-BF4B-00C04F79EFBC}") = "IAJ Project 3.Editor", "IAJ Project 3.Editor.csproj", "{3DADE79B-B611-B6F0-88BA-2EDE7C4B9BEC}"
EndProject
Global
	GlobalSection(SolutionConfigurationPlatforms) = preSolution
		Debug|Any CPU = Debug|Any CPU
		Release|Any CPU = Release|Any CPU
	EndGlobalSection
	GlobalSection(ProjectConfigurationPlatforms) = postSolution
		{7880BD6F-034E-41D1-5638-360471B24ADA}.Debug|Any CPU.ActiveCfg = Debug|Any CPU
		{7880BD6F-034E-41D1-5638-360471B24ADA}.Debug|Any CPU.Build.0 = Debug|Any CPU
		{7880BD6F-034E-41D1-5638-360471B24ADA}.Release|Any CPU.ActiveCfg = Release|Any CPU
		{7880BD6F-034E-41D1-5638-360471B24ADA}.Release|Any CPU.Build.0 = Release|Any CPU
		{3DADE79B-B611-B6F0-88BA-2EDE7C4B9BEC}.Debug|Any CPU.ActiveCfg = Debug|Any CPU
		{3DADE79B-B611-B6F0-88BA-2EDE7C4B9BEC}.Debug|Any CPU.Build.0 = Debug|Any CPU
		{3DADE79B-B611-B6F0-88BA-2EDE7C4B9BEC}.Release|Any CPU.ActiveCfg = Release|Any CPU
		{3DADE79B-B611-B6F0-88BA-2EDE7C4B9BEC}.Release|Any CPU.Build.0 = Release|Any CPU
	EndGlobalSection
	GlobalSection(SolutionProperties) = preSolution
		HideSolutionNode = FALSE
	EndGlobalSection
EndGlobal
